
Microsoft Visual Studio Solution File, Format Version 12.00
Project("{FAE04EC0-301F-11D3-BF4B-00C04F79EFBC}") = "Test1", "Test1\Test1.csproj", "{3B29241F-0BE1-46E5-B390-3EA82C4C512D}"
EndProject
Project("{FAE04EC0-301F-11D3-BF4B-00C04F79EFBC}") = "Test2", "Test2\Test2.csproj", "{BE722880-74FA-4004-B0B2-F327F16A5607}"
EndProject
Global
	GlobalSection(SolutionConfigurationPlatforms) = preSolution
		Debug|Any CPU = Debug|Any CPU
		Release|Any CPU = Release|Any CPU
	EndGlobalSection
	GlobalSection(ProjectConfigurationPlatforms) = postSolution
		{3B29241F-0BE1-46E5-B390-3EA82C4C512D}.Debug|Any CPU.ActiveCfg = Debug|Any CPU
		{3B29241F-0BE1-46E5-B390-3EA82C4C512D}.Debug|Any CPU.Build.0 = Debug|Any CPU
		{3B29241F-0BE1-46E5-B390-3EA82C4C512D}.Release|Any CPU.ActiveCfg = Release|Any CPU
		{3B29241F-0BE1-46E5-B390-3EA82C4C512D}.Release|Any CPU.Build.0 = Release|Any CPU
		{BE722880-74FA-4004-B0B2-F327F16A5607}.Debug|Any CPU.ActiveCfg = Debug|Any CPU
		{BE722880-74FA-4004-B0B2-F327F16A5607}.Debug|Any CPU.Build.0 = Debug|Any CPU
		{BE722880-74FA-4004-B0B2-F327F16A5607}.Release|Any CPU.ActiveCfg = Release|Any CPU
		{BE722880-74FA-4004-B0B2-F327F16A5607}.Release|Any CPU.Build.0 = Release|Any CPU
	EndGlobalSection
EndGlobal
